
Microsoft Visual Studio Solution File, Format Version 12.00
# Visual Studio Version 17
VisualStudioVersion = 17.10.35013.160
MinimumVisualStudioVersion = 10.0.40219.1
Project("{FAE04EC0-301F-11D3-BF4B-00C04F79EFBC}") = "BigDecimal", "BigDecimal\BigDecimal.csproj", "{A35964E3-B3B5-48B5-82A6-1B8365177914}"
EndProject
Global
	GlobalSection(SolutionConfigurationPlatforms) = preSolution
		Debug|Any CPU = Debug|Any CPU
		Release|Any CPU = Release|Any CPU
	EndGlobalSection
	GlobalSection(ProjectConfigurationPlatforms) = postSolution
		{A35964E3-B3B5-48B5-82A6-1B8365177914}.Debug|Any CPU.ActiveCfg = Debug|Any CPU
		{A35964E3-B3B5-48B5-82A6-1B8365177914}.Debug|Any CPU.Build.0 = Debug|Any CPU
		{A35964E3-B3B5-48B5-82A6-1B8365177914}.Release|Any CPU.ActiveCfg = Release|Any CPU
		{A35964E3-B3B5-48B5-82A6-1B8365177914}.Release|Any CPU.Build.0 = Release|Any CPU
	EndGlobalSection
	GlobalSection(SolutionProperties) = preSolution
		HideSolutionNode = FALSE
	EndGlobalSection
	GlobalSection(ExtensibilityGlobals) = postSolution
		SolutionGuid = {3F8997DD-8280-4EEF-AF6A-F021458BE8D6}
	EndGlobalSection
EndGlobal
